
Microsoft Visual Studio Solution File, Format Version 12.00
# Visual Studio Version 16
VisualStudioVersion = 16.0.31205.134
MinimumVisualStudioVersion = 10.0.40219.1
Project("{8BC9CEB8-8B4A-11D0-8D11-00A0C91BC942}") = "FizzBuzz", "FizzBuzz\FizzBuzz.vcxproj", "{D48EAF72-B799-48E1-9437-6F89C363E9B3}"
EndProject
Global
	GlobalSection(SolutionConfigurationPlatforms) = preSolution
		Debug|x64 = Debug|x64
		Debug|x86 = Debug|x86
		Release|x64 = Release|x64
		Release|x86 = Release|x86
	EndGlobalSection
	GlobalSection(ProjectConfigurationPlatforms) = postSolution
		{D48EAF72-B799-48E1-9437-6F89C363E9B3}.Debug|x64.ActiveCfg = Debug|x64
		{D48EAF72-B799-48E1-9437-6F89C363E9B3}.Debug|x64.Build.0 = Debug|x64
		{D48EAF72-B799-48E1-9437-6F89C363E9B3}.Debug|x86.ActiveCfg = Debug|Win32
		{D48EAF72-B799-48E1-9437-6F89C363E9B3}.Debug|x86.Build.0 = Debug|Win32
		{D48EAF72-B799-48E1-9437-6F89C363E9B3}.Release|x64.ActiveCfg = Release|x64
		{D48EAF72-B799-48E1-9437-6F89C363E9B3}.Release|x64.Build.0 = Release|x64
		{D48EAF72-B799-48E1-9437-6F89C363E9B3}.Release|x86.ActiveCfg = Release|Win32
		{D48EAF72-B799-48E1-9437-6F89C363E9B3}.Release|x86.Build.0 = Release|Win32
	EndGlobalSection
	GlobalSection(SolutionProperties) = preSolution
		HideSolutionNode = FALSE
	EndGlobalSection
	GlobalSection(ExtensibilityGlobals) = postSolution
		SolutionGuid = {823E734F-EF4B-478B-A513-76A270DE8EED}
	EndGlobalSection
EndGlobal
